
Microsoft Visual Studio Solution File, Format Version 12.00
# Visual Studio Version 17
VisualStudioVersion = 17.11.35312.102
MinimumVisualStudioVersion = 10.0.40219.1
Project("{2150E333-8FDC-42A3-9474-1A3956D46DE8}") = "Task0", "Task0", "{C2213502-80E0-4FC2-BDC6-1061F57321E5}"
EndProject
Project("{9A19103F-16F7-4668-BE54-9A1E7A4F7556}") = "Tyuiu.MilyutinND.Sprint4.Task0.V7", "Tyuiu.MilyutinND.Sprint4.Task0.V7\Tyuiu.MilyutinND.Sprint4.Task0.V7.csproj", "{31A443E3-4700-4CBA-A955-11F89B73E6D6}"
EndProject
Project("{9A19103F-16F7-4668-BE54-9A1E7A4F7556}") = "Tyuiu.MilyutinND.Sprint4.Task0.V7.Lib", "Tyuiu.MilyutinND.Sprint4.Task0.V7.Lib\Tyuiu.MilyutinND.Sprint4.Task0.V7.Lib.csproj", "{2853DD8C-ED64-4D31-A7F9-7D0DFD669956}"
EndProject
Project("{9A19103F-16F7-4668-BE54-9A1E7A4F7556}") = "Tyuiu.MilyutinND.Sprint4.Task0.V7.Test", "Tyuiu.MilyutinND.Sprint4.Task0.V7.Test\Tyuiu.MilyutinND.Sprint4.Task0.V7.Test.csproj", "{F1756254-F8CD-414B-B3E1-46FFAED6A6AB}"
EndProject
Project("{2150E333-8FDC-42A3-9474-1A3956D46DE8}") = "Task1", "Task1", "{165D42EC-91DB-47AF-829B-92720B85047A}"
EndProject
Project("{9A19103F-16F7-4668-BE54-9A1E7A4F7556}") = "Tyuiu.MilyutinND.Sprint4.Task1.V25", "Tyuiu.MilyutinND.Sprint4.Task1.V25\Tyuiu.MilyutinND.Sprint4.Task1.V25.csproj", "{322F789C-FFD5-47AA-BCC2-A87F8E4998E3}"
EndProject
Project("{9A19103F-16F7-4668-BE54-9A1E7A4F7556}") = "Tyuiu.MilyutinND.Sprint4.Task1.V25.Lib", "Tyuiu.MilyutinND.Sprint4.Task1.V25.Lib\Tyuiu.MilyutinND.Sprint4.Task1.V25.Lib.csproj", "{2E048B9B-14EC-4742-AE9E-AD2EBE38D229}"
EndProject
Project("{9A19103F-16F7-4668-BE54-9A1E7A4F7556}") = "Tyuiu.MilyutinND.Sprint4.Task1.V25.Test", "Tyuiu.MilyutinND.Sprint4.Task1.V25.Test\Tyuiu.MilyutinND.Sprint4.Task1.V25.Test.csproj", "{130BBD06-56D3-4995-A4FE-2EA77AFB3C5D}"
EndProject
Project("{2150E333-8FDC-42A3-9474-1A3956D46DE8}") = "Task2", "Task2", "{1E45DC3B-D107-44BF-9D7C-135190B909D9}"
EndProject
Project("{9A19103F-16F7-4668-BE54-9A1E7A4F7556}") = "Tyuiu.MilyutinND.Sprint4.Task2.V6", "Tyuiu.MilyutinND.Sprint4.Task2.V6\Tyuiu.MilyutinND.Sprint4.Task2.V6.csproj", "{E606EA8D-C9EB-4AEE-BFBD-BA124E7C3A5F}"
EndProject
Project("{9A19103F-16F7-4668-BE54-9A1E7A4F7556}") = "Tyuiu.MilyutinND.Sprint4.Task2.V6.Lib", "Tyuiu.MilyutinND.Sprint4.Task2.V6.Lib\Tyuiu.MilyutinND.Sprint4.Task2.V6.Lib.csproj", "{F41B3137-82F5-4166-9467-E86E467017A4}"
EndProject
Project("{9A19103F-16F7-4668-BE54-9A1E7A4F7556}") = "Tyuiu.MilyutinND.Sprint4.Task2.V6.Test", "Tyuiu.MilyutinND.Sprint4.Task2.V6.Test\Tyuiu.MilyutinND.Sprint4.Task2.V6.Test.csproj", "{E083DB01-28D4-4FAD-B49E-381115EE9271}"
EndProject
Project("{2150E333-8FDC-42A3-9474-1A3956D46DE8}") = "Task3", "Task3", "{26526683-9BBF-4B25-85CB-6460C396E9C0}"
EndProject
Project("{9A19103F-16F7-4668-BE54-9A1E7A4F7556}") = "Tyuiu.MilyutinND.Sprint4.Task3.V20", "Tyuiu.MilyutinND.Sprint4.Task3.V20\Tyuiu.MilyutinND.Sprint4.Task3.V20.csproj", "{7C8D0D9F-C59B-47E5-902B-673F81341299}"
EndProject
Project("{9A19103F-16F7-4668-BE54-9A1E7A4F7556}") = "Tyuiu.MilyutinND.Sprint4.Task3.V20.Lib", "Tyuiu.MilyutinND.Sprint4.Task3.V20.Lib\Tyuiu.MilyutinND.Sprint4.Task3.V20.Lib.csproj", "{165911BE-2E96-41E3-BCAC-E3DD7E78FE80}"
EndProject
Project("{9A19103F-16F7-4668-BE54-9A1E7A4F7556}") = "Tyuiu.MilyutinND.Sprint4.Task3.V20.Test", "Tyuiu.MilyutinND.Sprint4.Task3.V20.Test\Tyuiu.MilyutinND.Sprint4.Task3.V20.Test.csproj", "{7BFDA961-5C0B-4B3C-865D-7F7BFAB8B4E3}"
EndProject
Project("{2150E333-8FDC-42A3-9474-1A3956D46DE8}") = "Task4", "Task4", "{139481FC-26AB-406D-B47F-EB50E9FC2EA7}"
EndProject
Project("{FAE04EC0-301F-11D3-BF4B-00C04F79EFBC}") = "Tyuiu.MilyutinND.Sprint4.Task4.V16", "Tyuiu.MilyutinND.Sprint4.Task4.V16\Tyuiu.MilyutinND.Sprint4.Task4.V16.csproj", "{54C895F5-B79B-43F7-A727-766CCB094906}"
EndProject
Project("{FAE04EC0-301F-11D3-BF4B-00C04F79EFBC}") = "Tyuiu.MilyutinND.Sprint4.Task4.V16.Lib", "Tyuiu.MilyutinND.Sprint4.Task4.V16.Lib\Tyuiu.MilyutinND.Sprint4.Task4.V16.Lib.csproj", "{B4C1E5BF-4CFB-402D-8719-EDF967FB2510}"
EndProject
Project("{FAE04EC0-301F-11D3-BF4B-00C04F79EFBC}") = "Tyuiu.MilyutinND.Sprint4.Task4.V16.Test", "Tyuiu.MilyutinND.Sprint4.Task4.V16.Test\Tyuiu.MilyutinND.Sprint4.Task4.V16.Test.csproj", "{4F633130-6F17-40F2-A17B-67D312CA519C}"
EndProject
Project("{2150E333-8FDC-42A3-9474-1A3956D46DE8}") = "Task5", "Task5", "{B6FEF579-FF62-488C-A2D0-FDA67A0B2001}"
EndProject
Project("{FAE04EC0-301F-11D3-BF4B-00C04F79EFBC}") = "Tyuiu.MilyutinND.Sprint4.Task5.V13", "Tyuiu.MilyutinND.Sprint4.Task5.V13\Tyuiu.MilyutinND.Sprint4.Task5.V13.csproj", "{2390191D-B1FB-4609-933A-2C7ED8007369}"
EndProject
Project("{FAE04EC0-301F-11D3-BF4B-00C04F79EFBC}") = "Tyuiu.MilyutinND.Sprint4.Task5.V13.Lib", "Tyuiu.MilyutinND.Sprint4.Task5.V13.Lib\Tyuiu.MilyutinND.Sprint4.Task5.V13.Lib.csproj", "{2C46A260-9F1E-49BF-B351-FC6F162181F0}"
EndProject
Project("{FAE04EC0-301F-11D3-BF4B-00C04F79EFBC}") = "Tyuiu.MilyutinND.Sprint4.Task5.V13.Test", "Tyuiu.MilyutinND.Sprint4.Task5.V13.Test\Tyuiu.MilyutinND.Sprint4.Task5.V13.Test.csproj", "{F1CB4AA9-DCB7-4794-8017-7566EA58896D}"
EndProject
Project("{2150E333-8FDC-42A3-9474-1A3956D46DE8}") = "Task6", "Task6", "{0758BF6F-4AED-4067-854F-79E81C3121B2}"
EndProject
Project("{FAE04EC0-301F-11D3-BF4B-00C04F79EFBC}") = "Tyuiu.MilyutinND.Sprint4.Task6.V11", "Tyuiu.MilyutinND.Sprint4.Task6.V11\Tyuiu.MilyutinND.Sprint4.Task6.V11.csproj", "{751C8842-4C18-401A-B18D-6CD216249902}"
EndProject
Project("{FAE04EC0-301F-11D3-BF4B-00C04F79EFBC}") = "Tyuiu.MilyutinND.Sprint4.Task6.V11.Lib", "Tyuiu.MilyutinND.Sprint4.Task6.V11.Lib\Tyuiu.MilyutinND.Sprint4.Task6.V11.Lib.csproj", "{4617E43C-73A4-45D7-A5AD-125B819A53EF}"
EndProject
Project("{FAE04EC0-301F-11D3-BF4B-00C04F79EFBC}") = "Tyuiu.MilyutinND.Sprint4.Task6.V11.Test", "Tyuiu.MilyutinND.Sprint4.Task6.V11.Test\Tyuiu.MilyutinND.Sprint4.Task6.V11.Test.csproj", "{C06D6F51-EC27-4BD4-9C4C-939E95BADB8E}"
EndProject
Project("{2150E333-8FDC-42A3-9474-1A3956D46DE8}") = "Task7", "Task7", "{50FE94C1-2CEA-4D2D-92EC-BA69E049C762}"
EndProject
Project("{FAE04EC0-301F-11D3-BF4B-00C04F79EFBC}") = "Tyuiu.MilyutinND.Sprint4.Task7.V10", "Tyuiu.MilyutinND.Sprint4.Task7.V10\Tyuiu.MilyutinND.Sprint4.Task7.V10.csproj", "{8D9AFE76-8B5A-4211-A329-70C7EC332DF9}"
EndProject
Project("{FAE04EC0-301F-11D3-BF4B-00C04F79EFBC}") = "Tyuiu.MilyutinND.Sprint4.Task7.V10.Lib", "Tyuiu.MilyutinND.Sprint4.Task7.V10.Lib\Tyuiu.MilyutinND.Sprint4.Task7.V10.Lib.csproj", "{AB073AC7-1C06-4ACB-A924-5FF87FDABD9A}"
EndProject
Project("{FAE04EC0-301F-11D3-BF4B-00C04F79EFBC}") = "Tyuiu.MilyutinND.Sprint4.Task7.V10.Test", "Tyuiu.MilyutinND.Sprint4.Task7.V10.Test\Tyuiu.MilyutinND.Sprint4.Task7.V10.Test.csproj", "{ED681C40-3924-4839-8970-9AE1C9E793F3}"
EndProject
Global
	GlobalSection(SolutionConfigurationPlatforms) = preSolution
		Debug|Any CPU = Debug|Any CPU
		Release|Any CPU = Release|Any CPU
	EndGlobalSection
	GlobalSection(ProjectConfigurationPlatforms) = postSolution
		{31A443E3-4700-4CBA-A955-11F89B73E6D6}.Debug|Any CPU.ActiveCfg = Debug|Any CPU
		{31A443E3-4700-4CBA-A955-11F89B73E6D6}.Debug|Any CPU.Build.0 = Debug|Any CPU
		{31A443E3-4700-4CBA-A955-11F89B73E6D6}.Release|Any CPU.ActiveCfg = Release|Any CPU
		{31A443E3-4700-4CBA-A955-11F89B73E6D6}.Release|Any CPU.Build.0 = Release|Any CPU
		{2853DD8C-ED64-4D31-A7F9-7D0DFD669956}.Debug|Any CPU.ActiveCfg = Debug|Any CPU
		{2853DD8C-ED64-4D31-A7F9-7D0DFD669956}.Debug|Any CPU.Build.0 = Debug|Any CPU
		{2853DD8C-ED64-4D31-A7F9-7D0DFD669956}.Release|Any CPU.ActiveCfg = Release|Any CPU
		{2853DD8C-ED64-4D31-A7F9-7D0DFD669956}.Release|Any CPU.Build.0 = Release|Any CPU
		{F1756254-F8CD-414B-B3E1-46FFAED6A6AB}.Debug|Any CPU.ActiveCfg = Debug|Any CPU
		{F1756254-F8CD-414B-B3E1-46FFAED6A6AB}.Debug|Any CPU.Build.0 = Debug|Any CPU
		{F1756254-F8CD-414B-B3E1-46FFAED6A6AB}.Release|Any CPU.ActiveCfg = Release|Any CPU
		{F1756254-F8CD-414B-B3E1-46FFAED6A6AB}.Release|Any CPU.Build.0 = Release|Any CPU
		{322F789C-FFD5-47AA-BCC2-A87F8E4998E3}.Debug|Any CPU.ActiveCfg = Debug|Any CPU
		{322F789C-FFD5-47AA-BCC2-A87F8E4998E3}.Debug|Any CPU.Build.0 = Debug|Any CPU
		{322F789C-FFD5-47AA-BCC2-A87F8E4998E3}.Release|Any CPU.ActiveCfg = Release|Any CPU
		{322F789C-FFD5-47AA-BCC2-A87F8E4998E3}.Release|Any CPU.Build.0 = Release|Any CPU
		{2E048B9B-14EC-4742-AE9E-AD2EBE38D229}.Debug|Any CPU.ActiveCfg = Debug|Any CPU
		{2E048B9B-14EC-4742-AE9E-AD2EBE38D229}.Debug|Any CPU.Build.0 = Debug|Any CPU
		{2E048B9B-14EC-4742-AE9E-AD2EBE38D229}.Release|Any CPU.ActiveCfg = Release|Any CPU
		{2E048B9B-14EC-4742-AE9E-AD2EBE38D229}.Release|Any CPU.Build.0 = Release|Any CPU
		{130BBD06-56D3-4995-A4FE-2EA77AFB3C5D}.Debug|Any CPU.ActiveCfg = Debug|Any CPU
		{130BBD06-56D3-4995-A4FE-2EA77AFB3C5D}.Debug|Any CPU.Build.0 = Debug|Any CPU
		{130BBD06-56D3-4995-A4FE-2EA77AFB3C5D}.Release|Any CPU.ActiveCfg = Release|Any CPU
		{130BBD06-56D3-4995-A4FE-2EA77AFB3C5D}.Release|Any CPU.Build.0 = Release|Any CPU
		{E606EA8D-C9EB-4AEE-BFBD-BA124E7C3A5F}.Debug|Any CPU.ActiveCfg = Debug|Any CPU
		{E606EA8D-C9EB-4AEE-BFBD-BA124E7C3A5F}.Debug|Any CPU.Build.0 = Debug|Any CPU
		{E606EA8D-C9EB-4AEE-BFBD-BA124E7C3A5F}.Release|Any CPU.ActiveCfg = Release|Any CPU
		{E606EA8D-C9EB-4AEE-BFBD-BA124E7C3A5F}.Release|Any CPU.Build.0 = Release|Any CPU
		{F41B3137-82F5-4166-9467-E86E467017A4}.Debug|Any CPU.ActiveCfg = Debug|Any CPU
		{F41B3137-82F5-4166-9467-E86E467017A4}.Debug|Any CPU.Build.0 = Debug|Any CPU
		{F41B3137-82F5-4166-9467-E86E467017A4}.Release|Any CPU.ActiveCfg = Release|Any CPU
		{F41B3137-82F5-4166-9467-E86E467017A4}.Release|Any CPU.Build.0 = Release|Any CPU
		{E083DB01-28D4-4FAD-B49E-381115EE9271}.Debug|Any CPU.ActiveCfg = Debug|Any CPU
		{E083DB01-28D4-4FAD-B49E-381115EE9271}.Debug|Any CPU.Build.0 = Debug|Any CPU
		{E083DB01-28D4-4FAD-B49E-381115EE9271}.Release|Any CPU.ActiveCfg = Release|Any CPU
		{E083DB01-28D4-4FAD-B49E-381115EE9271}.Release|Any CPU.Build.0 = Release|Any CPU
		{7C8D0D9F-C59B-47E5-902B-673F81341299}.Debug|Any CPU.ActiveCfg = Debug|Any CPU
		{7C8D0D9F-C59B-47E5-902B-673F81341299}.Debug|Any CPU.Build.0 = Debug|Any CPU
		{7C8D0D9F-C59B-47E5-902B-673F81341299}.Release|Any CPU.ActiveCfg = Release|Any CPU
		{7C8D0D9F-C59B-47E5-902B-673F81341299}.Release|Any CPU.Build.0 = Release|Any CPU
		{165911BE-2E96-41E3-BCAC-E3DD7E78FE80}.Debug|Any CPU.ActiveCfg = Debug|Any CPU
		{165911BE-2E96-41E3-BCAC-E3DD7E78FE80}.Debug|Any CPU.Build.0 = Debug|Any CPU
		{165911BE-2E96-41E3-BCAC-E3DD7E78FE80}.Release|Any CPU.ActiveCfg = Release|Any CPU
		{165911BE-2E96-41E3-BCAC-E3DD7E78FE80}.Release|Any CPU.Build.0 = Release|Any CPU
		{7BFDA961-5C0B-4B3C-865D-7F7BFAB8B4E3}.Debug|Any CPU.ActiveCfg = Debug|Any CPU
		{7BFDA961-5C0B-4B3C-865D-7F7BFAB8B4E3}.Debug|Any CPU.Build.0 = Debug|Any CPU
		{7BFDA961-5C0B-4B3C-865D-7F7BFAB8B4E3}.Release|Any CPU.ActiveCfg = Release|Any CPU
		{7BFDA961-5C0B-4B3C-865D-7F7BFAB8B4E3}.Release|Any CPU.Build.0 = Release|Any CPU
		{54C895F5-B79B-43F7-A727-766CCB094906}.Debug|Any CPU.ActiveCfg = Debug|Any CPU
		{54C895F5-B79B-43F7-A727-766CCB094906}.Debug|Any CPU.Build.0 = Debug|Any CPU
		{54C895F5-B79B-43F7-A727-766CCB094906}.Release|Any CPU.ActiveCfg = Release|Any CPU
		{54C895F5-B79B-43F7-A727-766CCB094906}.Release|Any CPU.Build.0 = Release|Any CPU
		{B4C1E5BF-4CFB-402D-8719-EDF967FB2510}.Debug|Any CPU.ActiveCfg = Debug|Any CPU
		{B4C1E5BF-4CFB-402D-8719-EDF967FB2510}.Debug|Any CPU.Build.0 = Debug|Any CPU
		{B4C1E5BF-4CFB-402D-8719-EDF967FB2510}.Release|Any CPU.ActiveCfg = Release|Any CPU
		{B4C1E5BF-4CFB-402D-8719-EDF967FB2510}.Release|Any CPU.Build.0 = Release|Any CPU
		{4F633130-6F17-40F2-A17B-67D312CA519C}.Debug|Any CPU.ActiveCfg = Debug|Any CPU
		{4F633130-6F17-40F2-A17B-67D312CA519C}.Debug|Any CPU.Build.0 = Debug|Any CPU
		{4F633130-6F17-40F2-A17B-67D312CA519C}.Release|Any CPU.ActiveCfg = Release|Any CPU
		{4F633130-6F17-40F2-A17B-67D312CA519C}.Release|Any CPU.Build.0 = Release|Any CPU
		{2390191D-B1FB-4609-933A-2C7ED8007369}.Debug|Any CPU.ActiveCfg = Debug|Any CPU
		{2390191D-B1FB-4609-933A-2C7ED8007369}.Debug|Any CPU.Build.0 = Debug|Any CPU
		{2390191D-B1FB-4609-933A-2C7ED8007369}.Release|Any CPU.ActiveCfg = Release|Any CPU
		{2390191D-B1FB-4609-933A-2C7ED8007369}.Release|Any CPU.Build.0 = Release|Any CPU
		{2C46A260-9F1E-49BF-B351-FC6F162181F0}.Debug|Any CPU.ActiveCfg = Debug|Any CPU
		{2C46A260-9F1E-49BF-B351-FC6F162181F0}.Debug|Any CPU.Build.0 = Debug|Any CPU
		{2C46A260-9F1E-49BF-B351-FC6F162181F0}.Release|Any CPU.ActiveCfg = Release|Any CPU
		{2C46A260-9F1E-49BF-B351-FC6F162181F0}.Release|Any CPU.Build.0 = Release|Any CPU
		{F1CB4AA9-DCB7-4794-8017-7566EA58896D}.Debug|Any CPU.ActiveCfg = Debug|Any CPU
		{F1CB4AA9-DCB7-4794-8017-7566EA58896D}.Debug|Any CPU.Build.0 = Debug|Any CPU
		{F1CB4AA9-DCB7-4794-8017-7566EA58896D}.Release|Any CPU.ActiveCfg = Release|Any CPU
		{F1CB4AA9-DCB7-4794-8017-7566EA58896D}.Release|Any CPU.Build.0 = Release|Any CPU
		{751C8842-4C18-401A-B18D-6CD216249902}.Debug|Any CPU.ActiveCfg = Debug|Any CPU
		{751C8842-4C18-401A-B18D-6CD216249902}.Debug|Any CPU.Build.0 = Debug|Any CPU
		{751C8842-4C18-401A-B18D-6CD216249902}.Release|Any CPU.ActiveCfg = Release|Any CPU
		{751C8842-4C18-401A-B18D-6CD216249902}.Release|Any CPU.Build.0 = Release|Any CPU
		{4617E43C-73A4-45D7-A5AD-125B819A53EF}.Debug|Any CPU.ActiveCfg = Debug|Any CPU
		{4617E43C-73A4-45D7-A5AD-125B819A53EF}.Debug|Any CPU.Build.0 = Debug|Any CPU
		{4617E43C-73A4-45D7-A5AD-125B819A53EF}.Release|Any CPU.ActiveCfg = Release|Any CPU
		{4617E43C-73A4-45D7-A5AD-125B819A53EF}.Release|Any CPU.Build.0 = Release|Any CPU
		{C06D6F51-EC27-4BD4-9C4C-939E95BADB8E}.Debug|Any CPU.ActiveCfg = Debug|Any CPU
		{C06D6F51-EC27-4BD4-9C4C-939E95BADB8E}.Debug|Any CPU.Build.0 = Debug|Any CPU
		{C06D6F51-EC27-4BD4-9C4C-939E95BADB8E}.Release|Any CPU.ActiveCfg = Release|Any CPU
		{C06D6F51-EC27-4BD4-9C4C-939E95BADB8E}.Release|Any CPU.Build.0 = Release|Any CPU
		{8D9AFE76-8B5A-4211-A329-70C7EC332DF9}.Debug|Any CPU.ActiveCfg = Debug|Any CPU
		{8D9AFE76-8B5A-4211-A329-70C7EC332DF9}.Debug|Any CPU.Build.0 = Debug|Any CPU
		{8D9AFE76-8B5A-4211-A329-70C7EC332DF9}.Release|Any CPU.ActiveCfg = Release|Any CPU
		{8D9AFE76-8B5A-4211-A329-70C7EC332DF9}.Release|Any CPU.Build.0 = Release|Any CPU
		{AB073AC7-1C06-4ACB-A924-5FF87FDABD9A}.Debug|Any CPU.ActiveCfg = Debug|Any CPU
		{AB073AC7-1C06-4ACB-A924-5FF87FDABD9A}.Debug|Any CPU.Build.0 = Debug|Any CPU
		{AB073AC7-1C06-4ACB-A924-5FF87FDABD9A}.Release|Any CPU.ActiveCfg = Release|Any CPU
		{AB073AC7-1C06-4ACB-A924-5FF87FDABD9A}.Release|Any CPU.Build.0 = Release|Any CPU
		{ED681C40-3924-4839-8970-9AE1C9E793F3}.Debug|Any CPU.ActiveCfg = Debug|Any CPU
		{ED681C40-3924-4839-8970-9AE1C9E793F3}.Debug|Any CPU.Build.0 = Debug|Any CPU
		{ED681C40-3924-4839-8970-9AE1C9E793F3}.Release|Any CPU.ActiveCfg = Release|Any CPU
		{ED681C40-3924-4839-8970-9AE1C9E793F3}.Release|Any CPU.Build.0 = Release|Any CPU
	EndGlobalSection
	GlobalSection(SolutionProperties) = preSolution
		HideSolutionNode = FALSE
	EndGlobalSection
	GlobalSection(NestedProjects) = preSolution
		{31A443E3-4700-4CBA-A955-11F89B73E6D6} = {C2213502-80E0-4FC2-BDC6-1061F57321E5}
		{2853DD8C-ED64-4D31-A7F9-7D0DFD669956} = {C2213502-80E0-4FC2-BDC6-1061F57321E5}
		{F1756254-F8CD-414B-B3E1-46FFAED6A6AB} = {C2213502-80E0-4FC2-BDC6-1061F57321E5}
		{322F789C-FFD5-47AA-BCC2-A87F8E4998E3} = {165D42EC-91DB-47AF-829B-92720B85047A}
		{2E048B9B-14EC-4742-AE9E-AD2EBE38D229} = {165D42EC-91DB-47AF-829B-92720B85047A}
		{130BBD06-56D3-4995-A4FE-2EA77AFB3C5D} = {165D42EC-91DB-47AF-829B-92720B85047A}
		{E606EA8D-C9EB-4AEE-BFBD-BA124E7C3A5F} = {1E45DC3B-D107-44BF-9D7C-135190B909D9}
		{F41B3137-82F5-4166-9467-E86E467017A4} = {1E45DC3B-D107-44BF-9D7C-135190B909D9}
		{E083DB01-28D4-4FAD-B49E-381115EE9271} = {1E45DC3B-D107-44BF-9D7C-135190B909D9}
		{7C8D0D9F-C59B-47E5-902B-673F81341299} = {26526683-9BBF-4B25-85CB-6460C396E9C0}
		{165911BE-2E96-41E3-BCAC-E3DD7E78FE80} = {26526683-9BBF-4B25-85CB-6460C396E9C0}
		{7BFDA961-5C0B-4B3C-865D-7F7BFAB8B4E3} = {26526683-9BBF-4B25-85CB-6460C396E9C0}
		{54C895F5-B79B-43F7-A727-766CCB094906} = {139481FC-26AB-406D-B47F-EB50E9FC2EA7}
		{B4C1E5BF-4CFB-402D-8719-EDF967FB2510} = {139481FC-26AB-406D-B47F-EB50E9FC2EA7}
		{4F633130-6F17-40F2-A17B-67D312CA519C} = {139481FC-26AB-406D-B47F-EB50E9FC2EA7}
		{2390191D-B1FB-4609-933A-2C7ED8007369} = {B6FEF579-FF62-488C-A2D0-FDA67A0B2001}
		{2C46A260-9F1E-49BF-B351-FC6F162181F0} = {B6FEF579-FF62-488C-A2D0-FDA67A0B2001}
		{F1CB4AA9-DCB7-4794-8017-7566EA58896D} = {B6FEF579-FF62-488C-A2D0-FDA67A0B2001}
		{751C8842-4C18-401A-B18D-6CD216249902} = {0758BF6F-4AED-4067-854F-79E81C3121B2}
		{4617E43C-73A4-45D7-A5AD-125B819A53EF} = {0758BF6F-4AED-4067-854F-79E81C3121B2}
		{C06D6F51-EC27-4BD4-9C4C-939E95BADB8E} = {0758BF6F-4AED-4067-854F-79E81C3121B2}
		{8D9AFE76-8B5A-4211-A329-70C7EC332DF9} = {50FE94C1-2CEA-4D2D-92EC-BA69E049C762}
		{AB073AC7-1C06-4ACB-A924-5FF87FDABD9A} = {50FE94C1-2CEA-4D2D-92EC-BA69E049C762}
		{ED681C40-3924-4839-8970-9AE1C9E793F3} = {50FE94C1-2CEA-4D2D-92EC-BA69E049C762}
	EndGlobalSection
	GlobalSection(ExtensibilityGlobals) = postSolution
		SolutionGuid = {97C53F77-C395-42EB-95FD-86A498DA77C0}
	EndGlobalSection
EndGlobal
